// !$*UTF8*$!
{
	archiveVersion = 1;
	classes = {
	};
	objectVersion = 56;
	objects = {

/* Begin PBXBuildFile section */
		27583E562BE0F64600F490F9 /* AppDelegate.swift in Sources */ = {isa = PBXBuildFile; fileRef = 27583E552BE0F64600F490F9 /* AppDelegate.swift */; };
		27583E582BE0F64600F490F9 /* SceneDelegate.swift in Sources */ = {isa = PBXBuildFile; fileRef = 27583E572BE0F64600F490F9 /* SceneDelegate.swift */; };
		27583E5A2BE0F64600F490F9 /* TabBarViewController.swift in Sources */ = {isa = PBXBuildFile; fileRef = 27583E592BE0F64600F490F9 /* TabBarViewController.swift */; };
		27583E602BE0F64600F490F9 /* EcoMarket.xcdatamodeld in Sources */ = {isa = PBXBuildFile; fileRef = 27583E5E2BE0F64600F490F9 /* EcoMarket.xcdatamodeld */; };
		27583E622BE0F64800F490F9 /* Assets.xcassets in Resources */ = {isa = PBXBuildFile; fileRef = 27583E612BE0F64800F490F9 /* Assets.xcassets */; };
		27583E652BE0F64800F490F9 /* LaunchScreen.storyboard in Resources */ = {isa = PBXBuildFile; fileRef = 27583E632BE0F64800F490F9 /* LaunchScreen.storyboard */; };
		27583E712BE103AD00F490F9 /* TTNormsPro-Bold.ttf in Resources */ = {isa = PBXBuildFile; fileRef = 27583E6F2BE1039E00F490F9 /* TTNormsPro-Bold.ttf */; };
		27583E722BE103AF00F490F9 /* TTNormsPro-Medium.ttf in Resources */ = {isa = PBXBuildFile; fileRef = 27583E702BE1039E00F490F9 /* TTNormsPro-Medium.ttf */; };
		27583E732BE103B100F490F9 /* TTNormsPro-Regular.ttf in Resources */ = {isa = PBXBuildFile; fileRef = 27583E6E2BE1039E00F490F9 /* TTNormsPro-Regular.ttf */; };
		27583E752BE1044300F490F9 /* Fonts.swift in Sources */ = {isa = PBXBuildFile; fileRef = 27583E742BE1044300F490F9 /* Fonts.swift */; };
		27583E772BE1061C00F490F9 /* Colors.swift in Sources */ = {isa = PBXBuildFile; fileRef = 27583E762BE1061C00F490F9 /* Colors.swift */; };
		278337572BE638630003ED0A /* ProductResponse.swift in Sources */ = {isa = PBXBuildFile; fileRef = 278337562BE638630003ED0A /* ProductResponse.swift */; };
		278337592BE65E5A0003ED0A /* CategoryCell.swift in Sources */ = {isa = PBXBuildFile; fileRef = 278337582BE65E5A0003ED0A /* CategoryCell.swift */; };
		2783375B2BE65E6C0003ED0A /* ProductCell.swift in Sources */ = {isa = PBXBuildFile; fileRef = 2783375A2BE65E6C0003ED0A /* ProductCell.swift */; };
		2783375D2BE66BE50003ED0A /* ProductPresenter.swift in Sources */ = {isa = PBXBuildFile; fileRef = 2783375C2BE66BE50003ED0A /* ProductPresenter.swift */; };
		2783375F2BE66BF70003ED0A /* ProductService.swift in Sources */ = {isa = PBXBuildFile; fileRef = 2783375E2BE66BF70003ED0A /* ProductService.swift */; };
		278337622BE8BDF20003ED0A /* String.swift in Sources */ = {isa = PBXBuildFile; fileRef = 278337612BE8BDF20003ED0A /* String.swift */; };
		278337672BF112870003ED0A /* BottomSheetViewController.swift in Sources */ = {isa = PBXBuildFile; fileRef = 278337662BF112870003ED0A /* BottomSheetViewController.swift */; };
		278337692BF116A30003ED0A /* MockProduct.swift in Sources */ = {isa = PBXBuildFile; fileRef = 278337682BF116A30003ED0A /* MockProduct.swift */; };
		2783376B2BF117AE0003ED0A /* BottomSheetViewCell.swift in Sources */ = {isa = PBXBuildFile; fileRef = 2783376A2BF117AE0003ED0A /* BottomSheetViewCell.swift */; };
		2783376E2BF1DCA80003ED0A /* PanModal in Frameworks */ = {isa = PBXBuildFile; productRef = 2783376D2BF1DCA80003ED0A /* PanModal */; };
		278337732BF373910003ED0A /* DescriptionViewController.swift in Sources */ = {isa = PBXBuildFile; fileRef = 278337722BF373910003ED0A /* DescriptionViewController.swift */; };
		27A2E1682BF72CE6006B4A87 /* BasketCell.swift in Sources */ = {isa = PBXBuildFile; fileRef = 27A2E1672BF72CE6006B4A87 /* BasketCell.swift */; };
		27CA297F2BE110850078A172 /* MainViewController.swift in Sources */ = {isa = PBXBuildFile; fileRef = 27CA297E2BE110850078A172 /* MainViewController.swift */; };
		27CA29812BE110A20078A172 /* BasketViewController.swift in Sources */ = {isa = PBXBuildFile; fileRef = 27CA29802BE110A20078A172 /* BasketViewController.swift */; };
		27CA29832BE110C30078A172 /* HistoryViewController.swift in Sources */ = {isa = PBXBuildFile; fileRef = 27CA29822BE110C30078A172 /* HistoryViewController.swift */; };
		27CA29852BE110D90078A172 /* InfoViewController.swift in Sources */ = {isa = PBXBuildFile; fileRef = 27CA29842BE110D90078A172 /* InfoViewController.swift */; };
		27CA29892BE35D780078A172 /* SnapKit in Frameworks */ = {isa = PBXBuildFile; productRef = 27CA29882BE35D780078A172 /* SnapKit */; };
		27CA298B2BE35D780078A172 /* SnapKit-Dynamic in Frameworks */ = {isa = PBXBuildFile; productRef = 27CA298A2BE35D780078A172 /* SnapKit-Dynamic */; };
		27CA298E2BE35DBB0078A172 /* ProductCategory.swift in Sources */ = {isa = PBXBuildFile; fileRef = 27CA298D2BE35DBB0078A172 /* ProductCategory.swift */; };
		27CA29902BE362BF0078A172 /* MainViewCell.swift in Sources */ = {isa = PBXBuildFile; fileRef = 27CA298F2BE362BF0078A172 /* MainViewCell.swift */; };
		27CA29932BE3638B0078A172 /* Kingfisher in Frameworks */ = {isa = PBXBuildFile; productRef = 27CA29922BE3638B0078A172 /* Kingfisher */; };
		27CA29952BE364480078A172 /* MainHeader.swift in Sources */ = {isa = PBXBuildFile; fileRef = 27CA29942BE364480078A172 /* MainHeader.swift */; };
		27CA29982BE366380078A172 /* ProductCategoryService.swift in Sources */ = {isa = PBXBuildFile; fileRef = 27CA29972BE366380078A172 /* ProductCategoryService.swift */; };
		27CA299C2BE369E80078A172 /* Alamofire in Frameworks */ = {isa = PBXBuildFile; productRef = 27CA299B2BE369E80078A172 /* Alamofire */; };
		27CA299E2BE369E80078A172 /* AlamofireDynamic in Frameworks */ = {isa = PBXBuildFile; productRef = 27CA299D2BE369E80078A172 /* AlamofireDynamic */; };
		27CA29A12BE371E10078A172 /* MainPresenter.swift in Sources */ = {isa = PBXBuildFile; fileRef = 27CA29A02BE371E10078A172 /* MainPresenter.swift */; };
		27CA29A82BE37CA70078A172 /* Product.swift in Sources */ = {isa = PBXBuildFile; fileRef = 27CA29A72BE37CA70078A172 /* Product.swift */; };
		27CA29AA2BE380710078A172 /* ProductViewController.swift in Sources */ = {isa = PBXBuildFile; fileRef = 27CA29A92BE380700078A172 /* ProductViewController.swift */; };
/* End PBXBuildFile section */

/* Begin PBXFileReference section */
		27583E522BE0F64600F490F9 /* EcoMarket.app */ = {isa = PBXFileReference; explicitFileType = wrapper.application; includeInIndex = 0; path = EcoMarket.app; sourceTree = BUILT_PRODUCTS_DIR; };
		27583E552BE0F64600F490F9 /* AppDelegate.swift */ = {isa = PBXFileReference; lastKnownFileType = sourcecode.swift; path = AppDelegate.swift; sourceTree = "<group>"; };
		27583E572BE0F64600F490F9 /* SceneDelegate.swift */ = {isa = PBXFileReference; lastKnownFileType = sourcecode.swift; path = SceneDelegate.swift; sourceTree = "<group>"; };
		27583E592BE0F64600F490F9 /* TabBarViewController.swift */ = {isa = PBXFileReference; lastKnownFileType = sourcecode.swift; path = TabBarViewController.swift; sourceTree = "<group>"; };
		27583E5F2BE0F64600F490F9 /* EcoMarket.xcdatamodel */ = {isa = PBXFileReference; lastKnownFileType = wrapper.xcdatamodel; path = EcoMarket.xcdatamodel; sourceTree = "<group>"; };
		27583E612BE0F64800F490F9 /* Assets.xcassets */ = {isa = PBXFileReference; lastKnownFileType = folder.assetcatalog; path = Assets.xcassets; sourceTree = "<group>"; };
		27583E642BE0F64800F490F9 /* Base */ = {isa = PBXFileReference; lastKnownFileType = file.storyboard; name = Base; path = Base.lproj/LaunchScreen.storyboard; sourceTree = "<group>"; };
		27583E662BE0F64800F490F9 /* Info.plist */ = {isa = PBXFileReference; lastKnownFileType = text.plist.xml; path = Info.plist; sourceTree = "<group>"; };
		27583E6E2BE1039E00F490F9 /* TTNormsPro-Regular.ttf */ = {isa = PBXFileReference; lastKnownFileType = file; path = "TTNormsPro-Regular.ttf"; sourceTree = "<group>"; };
		27583E6F2BE1039E00F490F9 /* TTNormsPro-Bold.ttf */ = {isa = PBXFileReference; lastKnownFileType = file; path = "TTNormsPro-Bold.ttf"; sourceTree = "<group>"; };
		27583E702BE1039E00F490F9 /* TTNormsPro-Medium.ttf */ = {isa = PBXFileReference; lastKnownFileType = file; path = "TTNormsPro-Medium.ttf"; sourceTree = "<group>"; };
		27583E742BE1044300F490F9 /* Fonts.swift */ = {isa = PBXFileReference; lastKnownFileType = sourcecode.swift; path = Fonts.swift; sourceTree = "<group>"; };
		27583E762BE1061C00F490F9 /* Colors.swift */ = {isa = PBXFileReference; lastKnownFileType = sourcecode.swift; path = Colors.swift; sourceTree = "<group>"; };
		278337562BE638630003ED0A /* ProductResponse.swift */ = {isa = PBXFileReference; lastKnownFileType = sourcecode.swift; path = ProductResponse.swift; sourceTree = "<group>"; };
		278337582BE65E5A0003ED0A /* CategoryCell.swift */ = {isa = PBXFileReference; lastKnownFileType = sourcecode.swift; path = CategoryCell.swift; sourceTree = "<group>"; };
		2783375A2BE65E6C0003ED0A /* ProductCell.swift */ = {isa = PBXFileReference; lastKnownFileType = sourcecode.swift; path = ProductCell.swift; sourceTree = "<group>"; };
		2783375C2BE66BE50003ED0A /* ProductPresenter.swift */ = {isa = PBXFileReference; lastKnownFileType = sourcecode.swift; path = ProductPresenter.swift; sourceTree = "<group>"; };
		2783375E2BE66BF70003ED0A /* ProductService.swift */ = {isa = PBXFileReference; lastKnownFileType = sourcecode.swift; path = ProductService.swift; sourceTree = "<group>"; };
		278337612BE8BDF20003ED0A /* String.swift */ = {isa = PBXFileReference; lastKnownFileType = sourcecode.swift; path = String.swift; sourceTree = "<group>"; };
		278337662BF112870003ED0A /* BottomSheetViewController.swift */ = {isa = PBXFileReference; lastKnownFileType = sourcecode.swift; path = BottomSheetViewController.swift; sourceTree = "<group>"; };
		278337682BF116A30003ED0A /* MockProduct.swift */ = {isa = PBXFileReference; lastKnownFileType = sourcecode.swift; path = MockProduct.swift; sourceTree = "<group>"; };
		2783376A2BF117AE0003ED0A /* BottomSheetViewCell.swift */ = {isa = PBXFileReference; lastKnownFileType = sourcecode.swift; path = BottomSheetViewCell.swift; sourceTree = "<group>"; };
		278337722BF373910003ED0A /* DescriptionViewController.swift */ = {isa = PBXFileReference; lastKnownFileType = sourcecode.swift; path = DescriptionViewController.swift; sourceTree = "<group>"; };
		27A2E1672BF72CE6006B4A87 /* BasketCell.swift */ = {isa = PBXFileReference; lastKnownFileType = sourcecode.swift; path = BasketCell.swift; sourceTree = "<group>"; };
		27CA297E2BE110850078A172 /* MainViewController.swift */ = {isa = PBXFileReference; lastKnownFileType = sourcecode.swift; path = MainViewController.swift; sourceTree = "<group>"; };
		27CA29802BE110A20078A172 /* BasketViewController.swift */ = {isa = PBXFileReference; lastKnownFileType = sourcecode.swift; path = BasketViewController.swift; sourceTree = "<group>"; };
		27CA29822BE110C30078A172 /* HistoryViewController.swift */ = {isa = PBXFileReference; lastKnownFileType = sourcecode.swift; path = HistoryViewController.swift; sourceTree = "<group>"; };
		27CA29842BE110D90078A172 /* InfoViewController.swift */ = {isa = PBXFileReference; lastKnownFileType = sourcecode.swift; path = InfoViewController.swift; sourceTree = "<group>"; };
		27CA298D2BE35DBB0078A172 /* ProductCategory.swift */ = {isa = PBXFileReference; lastKnownFileType = sourcecode.swift; path = ProductCategory.swift; sourceTree = "<group>"; };
		27CA298F2BE362BF0078A172 /* MainViewCell.swift */ = {isa = PBXFileReference; lastKnownFileType = sourcecode.swift; path = MainViewCell.swift; sourceTree = "<group>"; };
		27CA29942BE364480078A172 /* MainHeader.swift */ = {isa = PBXFileReference; lastKnownFileType = sourcecode.swift; path = MainHeader.swift; sourceTree = "<group>"; };
		27CA29972BE366380078A172 /* ProductCategoryService.swift */ = {isa = PBXFileReference; lastKnownFileType = sourcecode.swift; path = ProductCategoryService.swift; sourceTree = "<group>"; };
		27CA29A02BE371E10078A172 /* MainPresenter.swift */ = {isa = PBXFileReference; lastKnownFileType = sourcecode.swift; path = MainPresenter.swift; sourceTree = "<group>"; };
		27CA29A72BE37CA70078A172 /* Product.swift */ = {isa = PBXFileReference; lastKnownFileType = sourcecode.swift; path = Product.swift; sourceTree = "<group>"; };
		27CA29A92BE380700078A172 /* ProductViewController.swift */ = {isa = PBXFileReference; lastKnownFileType = sourcecode.swift; path = ProductViewController.swift; sourceTree = "<group>"; };
/* End PBXFileReference section */

/* Begin PBXFrameworksBuildPhase section */
		27583E4F2BE0F64600F490F9 /* Frameworks */ = {
			isa = PBXFrameworksBuildPhase;
			buildActionMask = 2147483647;
			files = (
				27CA29932BE3638B0078A172 /* Kingfisher in Frameworks */,
				27CA299C2BE369E80078A172 /* Alamofire in Frameworks */,
				2783376E2BF1DCA80003ED0A /* PanModal in Frameworks */,
				27CA299E2BE369E80078A172 /* AlamofireDynamic in Frameworks */,
				27CA29892BE35D780078A172 /* SnapKit in Frameworks */,
				27CA298B2BE35D780078A172 /* SnapKit-Dynamic in Frameworks */,
			);
			runOnlyForDeploymentPostprocessing = 0;
		};
/* End PBXFrameworksBuildPhase section */

/* Begin PBXGroup section */
		27583E492BE0F64600F490F9 = {
			isa = PBXGroup;
			children = (
				27583E542BE0F64600F490F9 /* EcoMarket */,
				27583E532BE0F64600F490F9 /* Products */,
			);
			sourceTree = "<group>";
		};
		27583E532BE0F64600F490F9 /* Products */ = {
			isa = PBXGroup;
			children = (
				27583E522BE0F64600F490F9 /* EcoMarket.app */,
			);
			name = Products;
			sourceTree = "<group>";
		};
		27583E542BE0F64600F490F9 /* EcoMarket */ = {
			isa = PBXGroup;
			children = (
				27583E552BE0F64600F490F9 /* AppDelegate.swift */,
				27583E572BE0F64600F490F9 /* SceneDelegate.swift */,
				278337702BF373100003ED0A /* TabBar */,
				27CA297D2BE110380078A172 /* Screens */,
				27583E6C2BE1037F00F490F9 /* Resources */,
				278337602BE8BDE60003ED0A /* Extensions */,
				27583E662BE0F64800F490F9 /* Info.plist */,
				27583E5E2BE0F64600F490F9 /* EcoMarket.xcdatamodeld */,
			);
			path = EcoMarket;
			sourceTree = "<group>";
		};
		27583E6C2BE1037F00F490F9 /* Resources */ = {
			isa = PBXGroup;
			children = (
				27583E6D2BE1039200F490F9 /* Fonts */,
				27583E612BE0F64800F490F9 /* Assets.xcassets */,
				27583E632BE0F64800F490F9 /* LaunchScreen.storyboard */,
				27583E742BE1044300F490F9 /* Fonts.swift */,
				27583E762BE1061C00F490F9 /* Colors.swift */,
			);
			path = Resources;
			sourceTree = "<group>";
		};
		27583E6D2BE1039200F490F9 /* Fonts */ = {
			isa = PBXGroup;
			children = (
				27583E6F2BE1039E00F490F9 /* TTNormsPro-Bold.ttf */,
				27583E702BE1039E00F490F9 /* TTNormsPro-Medium.ttf */,
				27583E6E2BE1039E00F490F9 /* TTNormsPro-Regular.ttf */,
			);
			path = Fonts;
			sourceTree = "<group>";
		};
		278337602BE8BDE60003ED0A /* Extensions */ = {
			isa = PBXGroup;
			children = (
				278337612BE8BDF20003ED0A /* String.swift */,
			);
			path = Extensions;
			sourceTree = "<group>";
		};
		278337652BF112760003ED0A /* BasketBottomSheet */ = {
			isa = PBXGroup;
			children = (
				278337682BF116A30003ED0A /* MockProduct.swift */,
				2783376A2BF117AE0003ED0A /* BottomSheetViewCell.swift */,
				278337662BF112870003ED0A /* BottomSheetViewController.swift */,
			);
			path = BasketBottomSheet;
			sourceTree = "<group>";
		};
		2783376F2BF3729F0003ED0A /* Main */ = {
			isa = PBXGroup;
			children = (
				27CA298C2BE35DA60078A172 /* Model */,
				27CA29992BE368AA0078A172 /* View */,
				27CA299F2BE371CA0078A172 /* Presenter */,
				27CA29962BE366200078A172 /* Service */,
			);
			path = Main;
			sourceTree = "<group>";
		};
		278337702BF373100003ED0A /* TabBar */ = {
			isa = PBXGroup;
			children = (
				27583E592BE0F64600F490F9 /* TabBarViewController.swift */,
			);
			path = TabBar;
			sourceTree = "<group>";
		};
		278337712BF373500003ED0A /* ProductDescription */ = {
			isa = PBXGroup;
			children = (
				278337722BF373910003ED0A /* DescriptionViewController.swift */,
			);
			path = ProductDescription;
			sourceTree = "<group>";
		};
		27A2E1692BF75405006B4A87 /* View */ = {
			isa = PBXGroup;
			children = (
				27A2E1672BF72CE6006B4A87 /* BasketCell.swift */,
				27CA29802BE110A20078A172 /* BasketViewController.swift */,
			);
			path = View;
			sourceTree = "<group>";
		};
		27A2E16A2BF76B07006B4A87 /* View */ = {
			isa = PBXGroup;
			children = (
				27CA29842BE110D90078A172 /* InfoViewController.swift */,
			);
			path = View;
			sourceTree = "<group>";
		};
		27CA29792BE1100B0078A172 /* MainTab */ = {
			isa = PBXGroup;
			children = (
				2783376F2BF3729F0003ED0A /* Main */,
				27CA29A22BE37C5D0078A172 /* Product */,
				278337652BF112760003ED0A /* BasketBottomSheet */,
				278337712BF373500003ED0A /* ProductDescription */,
			);
			path = MainTab;
			sourceTree = "<group>";
		};
		27CA297A2BE110190078A172 /* BasketTab */ = {
			isa = PBXGroup;
			children = (
				27A2E1692BF75405006B4A87 /* View */,
			);
			path = BasketTab;
			sourceTree = "<group>";
		};
		27CA297B2BE110250078A172 /* HistoryTab */ = {
			isa = PBXGroup;
			children = (
				27CA29822BE110C30078A172 /* HistoryViewController.swift */,
			);
			path = HistoryTab;
			sourceTree = "<group>";
		};
		27CA297C2BE1102E0078A172 /* InfoTab */ = {
			isa = PBXGroup;
			children = (
				27A2E16A2BF76B07006B4A87 /* View */,
			);
			path = InfoTab;
			sourceTree = "<group>";
		};
		27CA297D2BE110380078A172 /* Screens */ = {
			isa = PBXGroup;
			children = (
				27CA29792BE1100B0078A172 /* MainTab */,
				27CA297A2BE110190078A172 /* BasketTab */,
				27CA297B2BE110250078A172 /* HistoryTab */,
				27CA297C2BE1102E0078A172 /* InfoTab */,
			);
			path = Screens;
			sourceTree = "<group>";
		};
		27CA298C2BE35DA60078A172 /* Model */ = {
			isa = PBXGroup;
			children = (
				27CA298D2BE35DBB0078A172 /* ProductCategory.swift */,
			);
			path = Model;
			sourceTree = "<group>";
		};
		27CA29962BE366200078A172 /* Service */ = {
			isa = PBXGroup;
			children = (
				27CA29972BE366380078A172 /* ProductCategoryService.swift */,
			);
			path = Service;
			sourceTree = "<group>";
		};
		27CA29992BE368AA0078A172 /* View */ = {
			isa = PBXGroup;
			children = (
				27CA29942BE364480078A172 /* MainHeader.swift */,
				27CA298F2BE362BF0078A172 /* MainViewCell.swift */,
				27CA297E2BE110850078A172 /* MainViewController.swift */,
			);
			path = View;
			sourceTree = "<group>";
		};
		27CA299F2BE371CA0078A172 /* Presenter */ = {
			isa = PBXGroup;
			children = (
				27CA29A02BE371E10078A172 /* MainPresenter.swift */,
			);
			path = Presenter;
			sourceTree = "<group>";
		};
		27CA29A22BE37C5D0078A172 /* Product */ = {
			isa = PBXGroup;
			children = (
				27CA29A32BE37C830078A172 /* Model */,
				27CA29A42BE37C880078A172 /* View */,
				27CA29A62BE37C990078A172 /* Presenter */,
				27CA29A52BE37C8F0078A172 /* Service */,
			);
			path = Product;
			sourceTree = "<group>";
		};
		27CA29A32BE37C830078A172 /* Model */ = {
			isa = PBXGroup;
			children = (
				27CA29A72BE37CA70078A172 /* Product.swift */,
				278337562BE638630003ED0A /* ProductResponse.swift */,
			);
			path = Model;
			sourceTree = "<group>";
		};
		27CA29A42BE37C880078A172 /* View */ = {
			isa = PBXGroup;
			children = (
				2783375A2BE65E6C0003ED0A /* ProductCell.swift */,
				278337582BE65E5A0003ED0A /* CategoryCell.swift */,
				27CA29A92BE380700078A172 /* ProductViewController.swift */,
			);
			path = View;
			sourceTree = "<group>";
		};
		27CA29A52BE37C8F0078A172 /* Service */ = {
			isa = PBXGroup;
			children = (
				2783375E2BE66BF70003ED0A /* ProductService.swift */,
			);
			path = Service;
			sourceTree = "<group>";
		};
		27CA29A62BE37C990078A172 /* Presenter */ = {
			isa = PBXGroup;
			children = (
				2783375C2BE66BE50003ED0A /* ProductPresenter.swift */,
			);
			path = Presenter;
			sourceTree = "<group>";
		};
/* End PBXGroup section */

/* Begin PBXNativeTarget section */
		27583E512BE0F64600F490F9 /* EcoMarket */ = {
			isa = PBXNativeTarget;
			buildConfigurationList = 27583E692BE0F64800F490F9 /* Build configuration list for PBXNativeTarget "EcoMarket" */;
			buildPhases = (
				27583E4E2BE0F64600F490F9 /* Sources */,
				27583E4F2BE0F64600F490F9 /* Frameworks */,
				27583E502BE0F64600F490F9 /* Resources */,
			);
			buildRules = (
			);
			dependencies = (
			);
			name = EcoMarket;
			packageProductDependencies = (
				27CA29882BE35D780078A172 /* SnapKit */,
				27CA298A2BE35D780078A172 /* SnapKit-Dynamic */,
				27CA29922BE3638B0078A172 /* Kingfisher */,
				27CA299B2BE369E80078A172 /* Alamofire */,
				27CA299D2BE369E80078A172 /* AlamofireDynamic */,
				2783376D2BF1DCA80003ED0A /* PanModal */,
			);
			productName = EcoMarket;
			productReference = 27583E522BE0F64600F490F9 /* EcoMarket.app */;
			productType = "com.apple.product-type.application";
		};
/* End PBXNativeTarget section */

/* Begin PBXProject section */
		27583E4A2BE0F64600F490F9 /* Project object */ = {
			isa = PBXProject;
			attributes = {
				BuildIndependentTargetsInParallel = 1;
				LastSwiftUpdateCheck = 1500;
				LastUpgradeCheck = 1500;
				TargetAttributes = {
					27583E512BE0F64600F490F9 = {
						CreatedOnToolsVersion = 15.0.1;
					};
				};
			};
			buildConfigurationList = 27583E4D2BE0F64600F490F9 /* Build configuration list for PBXProject "EcoMarket" */;
			compatibilityVersion = "Xcode 14.0";
			developmentRegion = en;
			hasScannedForEncodings = 0;
			knownRegions = (
				en,
				Base,
			);
			mainGroup = 27583E492BE0F64600F490F9;
			packageReferences = (
				27CA29872BE35D770078A172 /* XCRemoteSwiftPackageReference "SnapKit" */,
				27CA29912BE3638B0078A172 /* XCRemoteSwiftPackageReference "Kingfisher" */,
				27CA299A2BE369E80078A172 /* XCRemoteSwiftPackageReference "Alamofire" */,
				2783376C2BF1DCA80003ED0A /* XCRemoteSwiftPackageReference "PanModal" */,
			);
			productRefGroup = 27583E532BE0F64600F490F9 /* Products */;
			projectDirPath = "";
			projectRoot = "";
			targets = (
				27583E512BE0F64600F490F9 /* EcoMarket */,
			);
		};
/* End PBXProject section */

/* Begin PBXResourcesBuildPhase section */
		27583E502BE0F64600F490F9 /* Resources */ = {
			isa = PBXResourcesBuildPhase;
			buildActionMask = 2147483647;
			files = (
				27583E652BE0F64800F490F9 /* LaunchScreen.storyboard in Resources */,
				27583E622BE0F64800F490F9 /* Assets.xcassets in Resources */,
				27583E712BE103AD00F490F9 /* TTNormsPro-Bold.ttf in Resources */,
				27583E722BE103AF00F490F9 /* TTNormsPro-Medium.ttf in Resources */,
				27583E732BE103B100F490F9 /* TTNormsPro-Regular.ttf in Resources */,
			);
			runOnlyForDeploymentPostprocessing = 0;
		};
/* End PBXResourcesBuildPhase section */

/* Begin PBXSourcesBuildPhase section */
		27583E4E2BE0F64600F490F9 /* Sources */ = {
			isa = PBXSourcesBuildPhase;
			buildActionMask = 2147483647;
			files = (
				27CA297F2BE110850078A172 /* MainViewController.swift in Sources */,
				278337732BF373910003ED0A /* DescriptionViewController.swift in Sources */,
				278337592BE65E5A0003ED0A /* CategoryCell.swift in Sources */,
				278337622BE8BDF20003ED0A /* String.swift in Sources */,
				27583E5A2BE0F64600F490F9 /* TabBarViewController.swift in Sources */,
				27583E772BE1061C00F490F9 /* Colors.swift in Sources */,
				27583E752BE1044300F490F9 /* Fonts.swift in Sources */,
				27CA29AA2BE380710078A172 /* ProductViewController.swift in Sources */,
				278337672BF112870003ED0A /* BottomSheetViewController.swift in Sources */,
				278337692BF116A30003ED0A /* MockProduct.swift in Sources */,
				27CA29852BE110D90078A172 /* InfoViewController.swift in Sources */,
				278337572BE638630003ED0A /* ProductResponse.swift in Sources */,
				27CA29952BE364480078A172 /* MainHeader.swift in Sources */,
				27CA29982BE366380078A172 /* ProductCategoryService.swift in Sources */,
				27583E602BE0F64600F490F9 /* EcoMarket.xcdatamodeld in Sources */,
				27583E562BE0F64600F490F9 /* AppDelegate.swift in Sources */,
				27CA29A82BE37CA70078A172 /* Product.swift in Sources */,
				27CA29832BE110C30078A172 /* HistoryViewController.swift in Sources */,
				2783376B2BF117AE0003ED0A /* BottomSheetViewCell.swift in Sources */,
				27CA29A12BE371E10078A172 /* MainPresenter.swift in Sources */,
				27CA298E2BE35DBB0078A172 /* ProductCategory.swift in Sources */,
				27A2E1682BF72CE6006B4A87 /* BasketCell.swift in Sources */,
				27CA29902BE362BF0078A172 /* MainViewCell.swift in Sources */,
				2783375B2BE65E6C0003ED0A /* ProductCell.swift in Sources */,
				27CA29812BE110A20078A172 /* BasketViewController.swift in Sources */,
				2783375F2BE66BF70003ED0A /* ProductService.swift in Sources */,
				27583E582BE0F64600F490F9 /* SceneDelegate.swift in Sources */,
				2783375D2BE66BE50003ED0A /* ProductPresenter.swift in Sources */,
			);
			runOnlyForDeploymentPostprocessing = 0;
		};
/* End PBXSourcesBuildPhase section */

/* Begin PBXVariantGroup section */
		27583E632BE0F64800F490F9 /* LaunchScreen.storyboard */ = {
			isa = PBXVariantGroup;
			children = (
				27583E642BE0F64800F490F9 /* Base */,
			);
			name = LaunchScreen.storyboard;
			sourceTree = "<group>";
		};
/* End PBXVariantGroup section */

/* Begin XCBuildConfiguration section */
		27583E672BE0F64800F490F9 /* Debug */ = {
			isa = XCBuildConfiguration;
			buildSettings = {
				ALWAYS_SEARCH_USER_PATHS = NO;
				ASSETCATALOG_COMPILER_GENERATE_SWIFT_ASSET_SYMBOL_EXTENSIONS = YES;
				CLANG_ANALYZER_NONNULL = YES;
				CLANG_ANALYZER_NUMBER_OBJECT_CONVERSION = YES_AGGRESSIVE;
				CLANG_CXX_LANGUAGE_STANDARD = "gnu++20";
				CLANG_ENABLE_MODULES = YES;
				CLANG_ENABLE_OBJC_ARC = YES;
				CLANG_ENABLE_OBJC_WEAK = YES;
				CLANG_WARN_BLOCK_CAPTURE_AUTORELEASING = YES;
				CLANG_WARN_BOOL_CONVERSION = YES;
				CLANG_WARN_COMMA = YES;
				CLANG_WARN_CONSTANT_CONVERSION = YES;
				CLANG_WARN_DEPRECATED_OBJC_IMPLEMENTATIONS = YES;
				CLANG_WARN_DIRECT_OBJC_ISA_USAGE = YES_ERROR;
				CLANG_WARN_DOCUMENTATION_COMMENTS = YES;
				CLANG_WARN_EMPTY_BODY = YES;
				CLANG_WARN_ENUM_CONVERSION = YES;
				CLANG_WARN_INFINITE_RECURSION = YES;
				CLANG_WARN_INT_CONVERSION = YES;
				CLANG_WARN_NON_LITERAL_NULL_CONVERSION = YES;
				CLANG_WARN_OBJC_IMPLICIT_RETAIN_SELF = YES;
				CLANG_WARN_OBJC_LITERAL_CONVERSION = YES;
				CLANG_WARN_OBJC_ROOT_CLASS = YES_ERROR;
				CLANG_WARN_QUOTED_INCLUDE_IN_FRAMEWORK_HEADER = YES;
				CLANG_WARN_RANGE_LOOP_ANALYSIS = YES;
				CLANG_WARN_STRICT_PROTOTYPES = YES;
				CLANG_WARN_SUSPICIOUS_MOVE = YES;
				CLANG_WARN_UNGUARDED_AVAILABILITY = YES_AGGRESSIVE;
				CLANG_WARN_UNREACHABLE_CODE = YES;
				CLANG_WARN__DUPLICATE_METHOD_MATCH = YES;
				COPY_PHASE_STRIP = NO;
				DEBUG_INFORMATION_FORMAT = dwarf;
				ENABLE_STRICT_OBJC_MSGSEND = YES;
				ENABLE_TESTABILITY = YES;
				ENABLE_USER_SCRIPT_SANDBOXING = YES;
				GCC_C_LANGUAGE_STANDARD = gnu17;
				GCC_DYNAMIC_NO_PIC = NO;
				GCC_NO_COMMON_BLOCKS = YES;
				GCC_OPTIMIZATION_LEVEL = 0;
				GCC_PREPROCESSOR_DEFINITIONS = (
					"DEBUG=1",
					"$(inherited)",
				);
				GCC_WARN_64_TO_32_BIT_CONVERSION = YES;
				GCC_WARN_ABOUT_RETURN_TYPE = YES_ERROR;
				GCC_WARN_UNDECLARED_SELECTOR = YES;
				GCC_WARN_UNINITIALIZED_AUTOS = YES_AGGRESSIVE;
				GCC_WARN_UNUSED_FUNCTION = YES;
				GCC_WARN_UNUSED_VARIABLE = YES;
				IPHONEOS_DEPLOYMENT_TARGET = 17.0;
				LOCALIZATION_PREFERS_STRING_CATALOGS = YES;
				MTL_ENABLE_DEBUG_INFO = INCLUDE_SOURCE;
				MTL_FAST_MATH = YES;
				ONLY_ACTIVE_ARCH = YES;
				SDKROOT = iphoneos;
				SWIFT_ACTIVE_COMPILATION_CONDITIONS = "DEBUG $(inherited)";
				SWIFT_OPTIMIZATION_LEVEL = "-Onone";
			};
			name = Debug;
		};
		27583E682BE0F64800F490F9 /* Release */ = {
			isa = XCBuildConfiguration;
			buildSettings = {
				ALWAYS_SEARCH_USER_PATHS = NO;
				ASSETCATALOG_COMPILER_GENERATE_SWIFT_ASSET_SYMBOL_EXTENSIONS = YES;
				CLANG_ANALYZER_NONNULL = YES;
				CLANG_ANALYZER_NUMBER_OBJECT_CONVERSION = YES_AGGRESSIVE;
				CLANG_CXX_LANGUAGE_STANDARD = "gnu++20";
				CLANG_ENABLE_MODULES = YES;
				CLANG_ENABLE_OBJC_ARC = YES;
				CLANG_ENABLE_OBJC_WEAK = YES;
				CLANG_WARN_BLOCK_CAPTURE_AUTORELEASING = YES;
				CLANG_WARN_BOOL_CONVERSION = YES;
				CLANG_WARN_COMMA = YES;
				CLANG_WARN_CONSTANT_CONVERSION = YES;
				CLANG_WARN_DEPRECATED_OBJC_IMPLEMENTATIONS = YES;
				CLANG_WARN_DIRECT_OBJC_ISA_USAGE = YES_ERROR;
				CLANG_WARN_DOCUMENTATION_COMMENTS = YES;
				CLANG_WARN_EMPTY_BODY = YES;
				CLANG_WARN_ENUM_CONVERSION = YES;
				CLANG_WARN_INFINITE_RECURSION = YES;
				CLANG_WARN_INT_CONVERSION = YES;
				CLANG_WARN_NON_LITERAL_NULL_CONVERSION = YES;
				CLANG_WARN_OBJC_IMPLICIT_RETAIN_SELF = YES;
				CLANG_WARN_OBJC_LITERAL_CONVERSION = YES;
				CLANG_WARN_OBJC_ROOT_CLASS = YES_ERROR;
				CLANG_WARN_QUOTED_INCLUDE_IN_FRAMEWORK_HEADER = YES;
				CLANG_WARN_RANGE_LOOP_ANALYSIS = YES;
				CLANG_WARN_STRICT_PROTOTYPES = YES;
				CLANG_WARN_SUSPICIOUS_MOVE = YES;
				CLANG_WARN_UNGUARDED_AVAILABILITY = YES_AGGRESSIVE;
				CLANG_WARN_UNREACHABLE_CODE = YES;
				CLANG_WARN__DUPLICATE_METHOD_MATCH = YES;
				COPY_PHASE_STRIP = NO;
				DEBUG_INFORMATION_FORMAT = "dwarf-with-dsym";
				ENABLE_NS_ASSERTIONS = NO;
				ENABLE_STRICT_OBJC_MSGSEND = YES;
				ENABLE_USER_SCRIPT_SANDBOXING = YES;
				GCC_C_LANGUAGE_STANDARD = gnu17;
				GCC_NO_COMMON_BLOCKS = YES;
				GCC_WARN_64_TO_32_BIT_CONVERSION = YES;
				GCC_WARN_ABOUT_RETURN_TYPE = YES_ERROR;
				GCC_WARN_UNDECLARED_SELECTOR = YES;
				GCC_WARN_UNINITIALIZED_AUTOS = YES_AGGRESSIVE;
				GCC_WARN_UNUSED_FUNCTION = YES;
				GCC_WARN_UNUSED_VARIABLE = YES;
				IPHONEOS_DEPLOYMENT_TARGET = 17.0;
				LOCALIZATION_PREFERS_STRING_CATALOGS = YES;
				MTL_ENABLE_DEBUG_INFO = NO;
				MTL_FAST_MATH = YES;
				SDKROOT = iphoneos;
				SWIFT_COMPILATION_MODE = wholemodule;
				VALIDATE_PRODUCT = YES;
			};
			name = Release;
		};
		27583E6A2BE0F64800F490F9 /* Debug */ = {
			isa = XCBuildConfiguration;
			buildSettings = {
				ASSETCATALOG_COMPILER_APPICON_NAME = AppIcon;
				ASSETCATALOG_COMPILER_GLOBAL_ACCENT_COLOR_NAME = AccentColor;
				CODE_SIGN_STYLE = Automatic;
				CURRENT_PROJECT_VERSION = 1;
				DEVELOPMENT_TEAM = 2YW3Q5CP4C;
				GENERATE_INFOPLIST_FILE = YES;
				INFOPLIST_FILE = EcoMarket/Info.plist;
				INFOPLIST_KEY_UIApplicationSupportsIndirectInputEvents = YES;
				INFOPLIST_KEY_UILaunchStoryboardName = LaunchScreen;
				INFOPLIST_KEY_UISupportedInterfaceOrientations = UIInterfaceOrientationPortrait;
				LD_RUNPATH_SEARCH_PATHS = (
					"$(inherited)",
					"@executable_path/Frameworks",
				);
				MARKETING_VERSION = 1.0;
				PRODUCT_BUNDLE_IDENTIFIER = ospanovadinara.EcoMarket;
				PRODUCT_NAME = "$(TARGET_NAME)";
				SWIFT_EMIT_LOC_STRINGS = YES;
				SWIFT_VERSION = 5.0;
				TARGETED_DEVICE_FAMILY = "1,2";
			};
			name = Debug;
		};
		27583E6B2BE0F64800F490F9 /* Release */ = {
			isa = XCBuildConfiguration;
			buildSettings = {
				ASSETCATALOG_COMPILER_APPICON_NAME = AppIcon;
				ASSETCATALOG_COMPILER_GLOBAL_ACCENT_COLOR_NAME = AccentColor;
				CODE_SIGN_STYLE = Automatic;
				CURRENT_PROJECT_VERSION = 1;
				DEVELOPMENT_TEAM = 2YW3Q5CP4C;
				GENERATE_INFOPLIST_FILE = YES;
				INFOPLIST_FILE = EcoMarket/Info.plist;
				INFOPLIST_KEY_UIApplicationSupportsIndirectInputEvents = YES;
				INFOPLIST_KEY_UILaunchStoryboardName = LaunchScreen;
				INFOPLIST_KEY_UISupportedInterfaceOrientations = UIInterfaceOrientationPortrait;
				LD_RUNPATH_SEARCH_PATHS = (
					"$(inherited)",
					"@executable_path/Frameworks",
				);
				MARKETING_VERSION = 1.0;
				PRODUCT_BUNDLE_IDENTIFIER = ospanovadinara.EcoMarket;
				PRODUCT_NAME = "$(TARGET_NAME)";
				SWIFT_EMIT_LOC_STRINGS = YES;
				SWIFT_VERSION = 5.0;
				TARGETED_DEVICE_FAMILY = "1,2";
			};
			name = Release;
		};
/* End XCBuildConfiguration section */

/* Begin XCConfigurationList section */
		27583E4D2BE0F64600F490F9 /* Build configuration list for PBXProject "EcoMarket" */ = {
			isa = XCConfigurationList;
			buildConfigurations = (
				27583E672BE0F64800F490F9 /* Debug */,
				27583E682BE0F64800F490F9 /* Release */,
			);
			defaultConfigurationIsVisible = 0;
			defaultConfigurationName = Release;
		};
		27583E692BE0F64800F490F9 /* Build configuration list for PBXNativeTarget "EcoMarket" */ = {
			isa = XCConfigurationList;
			buildConfigurations = (
				27583E6A2BE0F64800F490F9 /* Debug */,
				27583E6B2BE0F64800F490F9 /* Release */,
			);
			defaultConfigurationIsVisible = 0;
			defaultConfigurationName = Release;
		};
/* End XCConfigurationList section */

/* Begin XCRemoteSwiftPackageReference section */
		2783376C2BF1DCA80003ED0A /* XCRemoteSwiftPackageReference "PanModal" */ = {
			isa = XCRemoteSwiftPackageReference;
			repositoryURL = "https://github.com/slackhq/PanModal";
			requirement = {
				kind = upToNextMajorVersion;
				minimumVersion = 1.2.7;
			};
		};
		27CA29872BE35D770078A172 /* XCRemoteSwiftPackageReference "SnapKit" */ = {
			isa = XCRemoteSwiftPackageReference;
			repositoryURL = "https://github.com/SnapKit/SnapKit.git";
			requirement = {
				kind = upToNextMajorVersion;
				minimumVersion = 5.7.1;
			};
		};
		27CA29912BE3638B0078A172 /* XCRemoteSwiftPackageReference "Kingfisher" */ = {
			isa = XCRemoteSwiftPackageReference;
			repositoryURL = "https://github.com/onevcat/Kingfisher";
			requirement = {
				kind = upToNextMajorVersion;
				minimumVersion = 7.11.0;
			};
		};
		27CA299A2BE369E80078A172 /* XCRemoteSwiftPackageReference "Alamofire" */ = {
			isa = XCRemoteSwiftPackageReference;
			repositoryURL = "https://github.com/Alamofire/Alamofire";
			requirement = {
				kind = upToNextMajorVersion;
				minimumVersion = 5.9.1;
			};
		};
/* End XCRemoteSwiftPackageReference section */

/* Begin XCSwiftPackageProductDependency section */
		2783376D2BF1DCA80003ED0A /* PanModal */ = {
			isa = XCSwiftPackageProductDependency;
			package = 2783376C2BF1DCA80003ED0A /* XCRemoteSwiftPackageReference "PanModal" */;
			productName = PanModal;
		};
		27CA29882BE35D780078A172 /* SnapKit */ = {
			isa = XCSwiftPackageProductDependency;
			package = 27CA29872BE35D770078A172 /* XCRemoteSwiftPackageReference "SnapKit" */;
			productName = SnapKit;
		};
		27CA298A2BE35D780078A172 /* SnapKit-Dynamic */ = {
			isa = XCSwiftPackageProductDependency;
			package = 27CA29872BE35D770078A172 /* XCRemoteSwiftPackageReference "SnapKit" */;
			productName = "SnapKit-Dynamic";
		};
		27CA29922BE3638B0078A172 /* Kingfisher */ = {
			isa = XCSwiftPackageProductDependency;
			package = 27CA29912BE3638B0078A172 /* XCRemoteSwiftPackageReference "Kingfisher" */;
			productName = Kingfisher;
		};
		27CA299B2BE369E80078A172 /* Alamofire */ = {
			isa = XCSwiftPackageProductDependency;
			package = 27CA299A2BE369E80078A172 /* XCRemoteSwiftPackageReference "Alamofire" */;
			productName = Alamofire;
		};
		27CA299D2BE369E80078A172 /* AlamofireDynamic */ = {
			isa = XCSwiftPackageProductDependency;
			package = 27CA299A2BE369E80078A172 /* XCRemoteSwiftPackageReference "Alamofire" */;
			productName = AlamofireDynamic;
		};
/* End XCSwiftPackageProductDependency section */

/* Begin XCVersionGroup section */
		27583E5E2BE0F64600F490F9 /* EcoMarket.xcdatamodeld */ = {
			isa = XCVersionGroup;
			children = (
				27583E5F2BE0F64600F490F9 /* EcoMarket.xcdatamodel */,
			);
			currentVersion = 27583E5F2BE0F64600F490F9 /* EcoMarket.xcdatamodel */;
			path = EcoMarket.xcdatamodeld;
			sourceTree = "<group>";
			versionGroupType = wrapper.xcdatamodel;
		};
/* End XCVersionGroup section */
	};
	rootObject = 27583E4A2BE0F64600F490F9 /* Project object */;
}
